
Microsoft Visual Studio Solution File, Format Version 12.00
# Visual Studio Version 17
VisualStudioVersion = 17.1.32421.90
MinimumVisualStudioVersion = 10.0.40219.1
Project("{FAE04EC0-301F-11D3-BF4B-00C04F79EFBC}") = "FriendsNess.Server", "FriendsNess.Server.csproj", "{E8F566B1-B90B-449E-8B3C-4709873A5B9A}"
EndProject
Project("{FAE04EC0-301F-11D3-BF4B-00C04F79EFBC}") = "FriendsNess.Core", "..\FriendsNessApi.Core\FriendsNess.Core.csproj", "{77827B21-6770-4620-8E74-81FCADE0F733}"
EndProject
Global
	GlobalSection(SolutionConfigurationPlatforms) = preSolution
		Debug|Any CPU = Debug|Any CPU
		Release|Any CPU = Release|Any CPU
	EndGlobalSection
	GlobalSection(ProjectConfigurationPlatforms) = postSolution
		{E8F566B1-B90B-449E-8B3C-4709873A5B9A}.Debug|Any CPU.ActiveCfg = Debug|Any CPU
		{E8F566B1-B90B-449E-8B3C-4709873A5B9A}.Debug|Any CPU.Build.0 = Debug|Any CPU
		{E8F566B1-B90B-449E-8B3C-4709873A5B9A}.Release|Any CPU.ActiveCfg = Release|Any CPU
		{E8F566B1-B90B-449E-8B3C-4709873A5B9A}.Release|Any CPU.Build.0 = Release|Any CPU
		{77827B21-6770-4620-8E74-81FCADE0F733}.Debug|Any CPU.ActiveCfg = Debug|Any CPU
		{77827B21-6770-4620-8E74-81FCADE0F733}.Debug|Any CPU.Build.0 = Debug|Any CPU
		{77827B21-6770-4620-8E74-81FCADE0F733}.Release|Any CPU.ActiveCfg = Release|Any CPU
		{77827B21-6770-4620-8E74-81FCADE0F733}.Release|Any CPU.Build.0 = Release|Any CPU
	EndGlobalSection
	GlobalSection(SolutionProperties) = preSolution
		HideSolutionNode = FALSE
	EndGlobalSection
	GlobalSection(ExtensibilityGlobals) = postSolution
		SolutionGuid = {D8068597-5920-4BE6-8414-B8FDA0ACB445}
	EndGlobalSection
EndGlobal
